// !$*UTF8*$!
{
	archiveVersion = 1;
	classes = {
	};
	objectVersion = 55;
	objects = {

/* Begin PBXBuildFile section */
		99BC21C7283E04ED003F58F3 /* AppDelegate.swift in Sources */ = {isa = PBXBuildFile; fileRef = 99BC21C6283E04ED003F58F3 /* AppDelegate.swift */; };
		99BC21C9283E04ED003F58F3 /* SceneDelegate.swift in Sources */ = {isa = PBXBuildFile; fileRef = 99BC21C8283E04ED003F58F3 /* SceneDelegate.swift */; };
		99BC21CB283E04ED003F58F3 /* ViewController.swift in Sources */ = {isa = PBXBuildFile; fileRef = 99BC21CA283E04ED003F58F3 /* ViewController.swift */; };
		99BC21CE283E04ED003F58F3 /* Main.storyboard in Resources */ = {isa = PBXBuildFile; fileRef = 99BC21CC283E04ED003F58F3 /* Main.storyboard */; };
		99BC21D0283E04EE003F58F3 /* Assets.xcassets in Resources */ = {isa = PBXBuildFile; fileRef = 99BC21CF283E04EE003F58F3 /* Assets.xcassets */; };
		99BC21D3283E04EE003F58F3 /* LaunchScreen.storyboard in Resources */ = {isa = PBXBuildFile; fileRef = 99BC21D1283E04EE003F58F3 /* LaunchScreen.storyboard */; };
		99BC21E8283E885C003F58F3 /* Repository.swift in Sources */ = {isa = PBXBuildFile; fileRef = 99BC21E7283E885C003F58F3 /* Repository.swift */; };
		99BC21EA283E9158003F58F3 /* User.swift in Sources */ = {isa = PBXBuildFile; fileRef = 99BC21E9283E9158003F58F3 /* User.swift */; };
		F7133E69283FA89200B0088D /* HistoryCollectionViewCellProperty.swift in Sources */ = {isa = PBXBuildFile; fileRef = F7133E68283FA89200B0088D /* HistoryCollectionViewCellProperty.swift */; };
		F7393542283F4AD60087934A /* RepositoryStruct.swift in Sources */ = {isa = PBXBuildFile; fileRef = F7393541283F4AD60087934A /* RepositoryStruct.swift */; };
		F7393544283F81640087934A /* HitstoryCollectionViewCell.swift in Sources */ = {isa = PBXBuildFile; fileRef = F7393543283F81640087934A /* HitstoryCollectionViewCell.swift */; };
		F7393546283F8D690087934A /* StarCustomVIew.swift in Sources */ = {isa = PBXBuildFile; fileRef = F7393545283F8D690087934A /* StarCustomVIew.swift */; };
		F7393548283F8D9A0087934A /* StarCustomView.xib in Resources */ = {isa = PBXBuildFile; fileRef = F7393547283F8D9A0087934A /* StarCustomView.xib */; };
		F739354D283F8E220087934A /* HistoryViewController.swift in Sources */ = {isa = PBXBuildFile; fileRef = F739354C283F8E220087934A /* HistoryViewController.swift */; };
		F751C88F283F2750003C63DC /* MainCollectionViewCell.swift in Sources */ = {isa = PBXBuildFile; fileRef = F751C88E283F2750003C63DC /* MainCollectionViewCell.swift */; };
/* End PBXBuildFile section */

/* Begin PBXFileReference section */
		99BC21C3283E04ED003F58F3 /* UserRating.app */ = {isa = PBXFileReference; explicitFileType = wrapper.application; includeInIndex = 0; path = UserRating.app; sourceTree = BUILT_PRODUCTS_DIR; };
		99BC21C6283E04ED003F58F3 /* AppDelegate.swift */ = {isa = PBXFileReference; lastKnownFileType = sourcecode.swift; path = AppDelegate.swift; sourceTree = "<group>"; };
		99BC21C8283E04ED003F58F3 /* SceneDelegate.swift */ = {isa = PBXFileReference; lastKnownFileType = sourcecode.swift; path = SceneDelegate.swift; sourceTree = "<group>"; };
		99BC21CA283E04ED003F58F3 /* ViewController.swift */ = {isa = PBXFileReference; lastKnownFileType = sourcecode.swift; path = ViewController.swift; sourceTree = "<group>"; };
		99BC21CD283E04ED003F58F3 /* Base */ = {isa = PBXFileReference; lastKnownFileType = file.storyboard; name = Base; path = Base.lproj/Main.storyboard; sourceTree = "<group>"; };
		99BC21CF283E04EE003F58F3 /* Assets.xcassets */ = {isa = PBXFileReference; lastKnownFileType = folder.assetcatalog; path = Assets.xcassets; sourceTree = "<group>"; };
		99BC21D2283E04EE003F58F3 /* Base */ = {isa = PBXFileReference; lastKnownFileType = file.storyboard; name = Base; path = Base.lproj/LaunchScreen.storyboard; sourceTree = "<group>"; };
		99BC21D4283E04EE003F58F3 /* Info.plist */ = {isa = PBXFileReference; lastKnownFileType = text.plist.xml; path = Info.plist; sourceTree = "<group>"; };
		99BC21E7283E885C003F58F3 /* Repository.swift */ = {isa = PBXFileReference; lastKnownFileType = sourcecode.swift; path = Repository.swift; sourceTree = "<group>"; };
		99BC21E9283E9158003F58F3 /* User.swift */ = {isa = PBXFileReference; lastKnownFileType = sourcecode.swift; path = User.swift; sourceTree = "<group>"; };
		F7133E68283FA89200B0088D /* HistoryCollectionViewCellProperty.swift */ = {isa = PBXFileReference; lastKnownFileType = sourcecode.swift; path = HistoryCollectionViewCellProperty.swift; sourceTree = "<group>"; };
		F7393541283F4AD60087934A /* RepositoryStruct.swift */ = {isa = PBXFileReference; lastKnownFileType = sourcecode.swift; path = RepositoryStruct.swift; sourceTree = "<group>"; };
		F7393543283F81640087934A /* HitstoryCollectionViewCell.swift */ = {isa = PBXFileReference; lastKnownFileType = sourcecode.swift; path = HitstoryCollectionViewCell.swift; sourceTree = "<group>"; };
		F7393545283F8D690087934A /* StarCustomVIew.swift */ = {isa = PBXFileReference; lastKnownFileType = sourcecode.swift; path = StarCustomVIew.swift; sourceTree = "<group>"; };
		F7393547283F8D9A0087934A /* StarCustomView.xib */ = {isa = PBXFileReference; lastKnownFileType = file.xib; path = StarCustomView.xib; sourceTree = "<group>"; };
		F739354C283F8E220087934A /* HistoryViewController.swift */ = {isa = PBXFileReference; lastKnownFileType = sourcecode.swift; path = HistoryViewController.swift; sourceTree = "<group>"; };
		F751C88E283F2750003C63DC /* MainCollectionViewCell.swift */ = {isa = PBXFileReference; lastKnownFileType = sourcecode.swift; path = MainCollectionViewCell.swift; sourceTree = "<group>"; };
/* End PBXFileReference section */

/* Begin PBXFrameworksBuildPhase section */
		99BC21C0283E04ED003F58F3 /* Frameworks */ = {
			isa = PBXFrameworksBuildPhase;
			buildActionMask = 2147483647;
			files = (
			);
			runOnlyForDeploymentPostprocessing = 0;
		};
/* End PBXFrameworksBuildPhase section */

/* Begin PBXGroup section */
		99BC21BA283E04ED003F58F3 = {
			isa = PBXGroup;
			children = (
				99BC21C5283E04ED003F58F3 /* UserRating */,
				99BC21C4283E04ED003F58F3 /* Products */,
			);
			sourceTree = "<group>";
		};
		99BC21C4283E04ED003F58F3 /* Products */ = {
			isa = PBXGroup;
			children = (
				99BC21C3283E04ED003F58F3 /* UserRating.app */,
			);
			name = Products;
			sourceTree = "<group>";
		};
		99BC21C5283E04ED003F58F3 /* UserRating */ = {
			isa = PBXGroup;
			children = (
				99BC21CC283E04ED003F58F3 /* Main.storyboard */,
				F739354F283F8E820087934A /* MainCollectionView */,
				F739354E283F8E570087934A /* HistoryCollectionView */,
				F7393549283F8DB60087934A /* StarCustomVIew */,
				F7133E68283FA89200B0088D /* HistoryCollectionViewCellProperty.swift */,
				F7393541283F4AD60087934A /* RepositoryStruct.swift */,
				99BC21E7283E885C003F58F3 /* Repository.swift */,
				99BC21E9283E9158003F58F3 /* User.swift */,
				99BC21C6283E04ED003F58F3 /* AppDelegate.swift */,
				99BC21C8283E04ED003F58F3 /* SceneDelegate.swift */,
				99BC21CF283E04EE003F58F3 /* Assets.xcassets */,
				99BC21D1283E04EE003F58F3 /* LaunchScreen.storyboard */,
				99BC21D4283E04EE003F58F3 /* Info.plist */,
			);
			path = UserRating;
			sourceTree = "<group>";
		};
		F7393549283F8DB60087934A /* StarCustomVIew */ = {
			isa = PBXGroup;
			children = (
				F7393545283F8D690087934A /* StarCustomVIew.swift */,
				F7393547283F8D9A0087934A /* StarCustomView.xib */,
			);
			path = StarCustomVIew;
			sourceTree = "<group>";
		};
		F739354E283F8E570087934A /* HistoryCollectionView */ = {
			isa = PBXGroup;
			children = (
				F739354C283F8E220087934A /* HistoryViewController.swift */,
				F7393543283F81640087934A /* HitstoryCollectionViewCell.swift */,
			);
			path = HistoryCollectionView;
			sourceTree = "<group>";
		};
		F739354F283F8E820087934A /* MainCollectionView */ = {
			isa = PBXGroup;
			children = (
				99BC21CA283E04ED003F58F3 /* ViewController.swift */,
				F751C88E283F2750003C63DC /* MainCollectionViewCell.swift */,
			);
			path = MainCollectionView;
			sourceTree = "<group>";
		};
/* End PBXGroup section */

/* Begin PBXNativeTarget section */
		99BC21C2283E04ED003F58F3 /* UserRating */ = {
			isa = PBXNativeTarget;
			buildConfigurationList = 99BC21D7283E04EE003F58F3 /* Build configuration list for PBXNativeTarget "UserRating" */;
			buildPhases = (
				99BC21BF283E04ED003F58F3 /* Sources */,
				99BC21C0283E04ED003F58F3 /* Frameworks */,
				99BC21C1283E04ED003F58F3 /* Resources */,
			);
			buildRules = (
			);
			dependencies = (
			);
			name = UserRating;
			productName = UserRating;
			productReference = 99BC21C3283E04ED003F58F3 /* UserRating.app */;
			productType = "com.apple.product-type.application";
		};
/* End PBXNativeTarget section */

/* Begin PBXProject section */
		99BC21BB283E04ED003F58F3 /* Project object */ = {
			isa = PBXProject;
			attributes = {
				BuildIndependentTargetsInParallel = 1;
				LastSwiftUpdateCheck = 1330;
				LastUpgradeCheck = 1330;
				TargetAttributes = {
					99BC21C2283E04ED003F58F3 = {
						CreatedOnToolsVersion = 13.3;
					};
				};
			};
			buildConfigurationList = 99BC21BE283E04ED003F58F3 /* Build configuration list for PBXProject "UserRating" */;
			compatibilityVersion = "Xcode 13.0";
			developmentRegion = en;
			hasScannedForEncodings = 0;
			knownRegions = (
				en,
				Base,
			);
			mainGroup = 99BC21BA283E04ED003F58F3;
			productRefGroup = 99BC21C4283E04ED003F58F3 /* Products */;
			projectDirPath = "";
			projectRoot = "";
			targets = (
				99BC21C2283E04ED003F58F3 /* UserRating */,
			);
		};
/* End PBXProject section */

/* Begin PBXResourcesBuildPhase section */
		99BC21C1283E04ED003F58F3 /* Resources */ = {
			isa = PBXResourcesBuildPhase;
			buildActionMask = 2147483647;
			files = (
				99BC21D3283E04EE003F58F3 /* LaunchScreen.storyboard in Resources */,
				99BC21D0283E04EE003F58F3 /* Assets.xcassets in Resources */,
				99BC21CE283E04ED003F58F3 /* Main.storyboard in Resources */,
				F7393548283F8D9A0087934A /* StarCustomView.xib in Resources */,
			);
			runOnlyForDeploymentPostprocessing = 0;
		};
/* End PBXResourcesBuildPhase section */

/* Begin PBXSourcesBuildPhase section */
		99BC21BF283E04ED003F58F3 /* Sources */ = {
			isa = PBXSourcesBuildPhase;
			buildActionMask = 2147483647;
			files = (
				99BC21CB283E04ED003F58F3 /* ViewController.swift in Sources */,
				F751C88F283F2750003C63DC /* MainCollectionViewCell.swift in Sources */,
				99BC21C7283E04ED003F58F3 /* AppDelegate.swift in Sources */,
				F739354D283F8E220087934A /* HistoryViewController.swift in Sources */,
				F7393544283F81640087934A /* HitstoryCollectionViewCell.swift in Sources */,
				99BC21C9283E04ED003F58F3 /* SceneDelegate.swift in Sources */,
				F7393546283F8D690087934A /* StarCustomVIew.swift in Sources */,
				99BC21EA283E9158003F58F3 /* User.swift in Sources */,
				99BC21E8283E885C003F58F3 /* Repository.swift in Sources */,
				F7133E69283FA89200B0088D /* HistoryCollectionViewCellProperty.swift in Sources */,
				F7393542283F4AD60087934A /* RepositoryStruct.swift in Sources */,
			);
			runOnlyForDeploymentPostprocessing = 0;
		};
/* End PBXSourcesBuildPhase section */

/* Begin PBXVariantGroup section */
		99BC21CC283E04ED003F58F3 /* Main.storyboard */ = {
			isa = PBXVariantGroup;
			children = (
				99BC21CD283E04ED003F58F3 /* Base */,
			);
			name = Main.storyboard;
			sourceTree = "<group>";
		};
		99BC21D1283E04EE003F58F3 /* LaunchScreen.storyboard */ = {
			isa = PBXVariantGroup;
			children = (
				99BC21D2283E04EE003F58F3 /* Base */,
			);
			name = LaunchScreen.storyboard;
			sourceTree = "<group>";
		};
/* End PBXVariantGroup section */

/* Begin XCBuildConfiguration section */
		99BC21D5283E04EE003F58F3 /* Debug */ = {
			isa = XCBuildConfiguration;
			buildSettings = {
				ALWAYS_SEARCH_USER_PATHS = NO;
				CLANG_ANALYZER_NONNULL = YES;
				CLANG_ANALYZER_NUMBER_OBJECT_CONVERSION = YES_AGGRESSIVE;
				CLANG_CXX_LANGUAGE_STANDARD = "gnu++17";
				CLANG_ENABLE_MODULES = YES;
				CLANG_ENABLE_OBJC_ARC = YES;
				CLANG_ENABLE_OBJC_WEAK = YES;
				CLANG_WARN_BLOCK_CAPTURE_AUTORELEASING = YES;
				CLANG_WARN_BOOL_CONVERSION = YES;
				CLANG_WARN_COMMA = YES;
				CLANG_WARN_CONSTANT_CONVERSION = YES;
				CLANG_WARN_DEPRECATED_OBJC_IMPLEMENTATIONS = YES;
				CLANG_WARN_DIRECT_OBJC_ISA_USAGE = YES_ERROR;
				CLANG_WARN_DOCUMENTATION_COMMENTS = YES;
				CLANG_WARN_EMPTY_BODY = YES;
				CLANG_WARN_ENUM_CONVERSION = YES;
				CLANG_WARN_INFINITE_RECURSION = YES;
				CLANG_WARN_INT_CONVERSION = YES;
				CLANG_WARN_NON_LITERAL_NULL_CONVERSION = YES;
				CLANG_WARN_OBJC_IMPLICIT_RETAIN_SELF = YES;
				CLANG_WARN_OBJC_LITERAL_CONVERSION = YES;
				CLANG_WARN_OBJC_ROOT_CLASS = YES_ERROR;
				CLANG_WARN_QUOTED_INCLUDE_IN_FRAMEWORK_HEADER = YES;
				CLANG_WARN_RANGE_LOOP_ANALYSIS = YES;
				CLANG_WARN_STRICT_PROTOTYPES = YES;
				CLANG_WARN_SUSPICIOUS_MOVE = YES;
				CLANG_WARN_UNGUARDED_AVAILABILITY = YES_AGGRESSIVE;
				CLANG_WARN_UNREACHABLE_CODE = YES;
				CLANG_WARN__DUPLICATE_METHOD_MATCH = YES;
				COPY_PHASE_STRIP = NO;
				DEBUG_INFORMATION_FORMAT = dwarf;
				ENABLE_STRICT_OBJC_MSGSEND = YES;
				ENABLE_TESTABILITY = YES;
				GCC_C_LANGUAGE_STANDARD = gnu11;
				GCC_DYNAMIC_NO_PIC = NO;
				GCC_NO_COMMON_BLOCKS = YES;
				GCC_OPTIMIZATION_LEVEL = 0;
				GCC_PREPROCESSOR_DEFINITIONS = (
					"DEBUG=1",
					"$(inherited)",
				);
				GCC_WARN_64_TO_32_BIT_CONVERSION = YES;
				GCC_WARN_ABOUT_RETURN_TYPE = YES_ERROR;
				GCC_WARN_UNDECLARED_SELECTOR = YES;
				GCC_WARN_UNINITIALIZED_AUTOS = YES_AGGRESSIVE;
				GCC_WARN_UNUSED_FUNCTION = YES;
				GCC_WARN_UNUSED_VARIABLE = YES;
				IPHONEOS_DEPLOYMENT_TARGET = 15.4;
				MTL_ENABLE_DEBUG_INFO = INCLUDE_SOURCE;
				MTL_FAST_MATH = YES;
				ONLY_ACTIVE_ARCH = YES;
				SDKROOT = iphoneos;
				SWIFT_ACTIVE_COMPILATION_CONDITIONS = DEBUG;
				SWIFT_OPTIMIZATION_LEVEL = "-Onone";
			};
			name = Debug;
		};
		99BC21D6283E04EE003F58F3 /* Release */ = {
			isa = XCBuildConfiguration;
			buildSettings = {
				ALWAYS_SEARCH_USER_PATHS = NO;
				CLANG_ANALYZER_NONNULL = YES;
				CLANG_ANALYZER_NUMBER_OBJECT_CONVERSION = YES_AGGRESSIVE;
				CLANG_CXX_LANGUAGE_STANDARD = "gnu++17";
				CLANG_ENABLE_MODULES = YES;
				CLANG_ENABLE_OBJC_ARC = YES;
				CLANG_ENABLE_OBJC_WEAK = YES;
				CLANG_WARN_BLOCK_CAPTURE_AUTORELEASING = YES;
				CLANG_WARN_BOOL_CONVERSION = YES;
				CLANG_WARN_COMMA = YES;
				CLANG_WARN_CONSTANT_CONVERSION = YES;
				CLANG_WARN_DEPRECATED_OBJC_IMPLEMENTATIONS = YES;
				CLANG_WARN_DIRECT_OBJC_ISA_USAGE = YES_ERROR;
				CLANG_WARN_DOCUMENTATION_COMMENTS = YES;
				CLANG_WARN_EMPTY_BODY = YES;
				CLANG_WARN_ENUM_CONVERSION = YES;
				CLANG_WARN_INFINITE_RECURSION = YES;
				CLANG_WARN_INT_CONVERSION = YES;
				CLANG_WARN_NON_LITERAL_NULL_CONVERSION = YES;
				CLANG_WARN_OBJC_IMPLICIT_RETAIN_SELF = YES;
				CLANG_WARN_OBJC_LITERAL_CONVERSION = YES;
				CLANG_WARN_OBJC_ROOT_CLASS = YES_ERROR;
				CLANG_WARN_QUOTED_INCLUDE_IN_FRAMEWORK_HEADER = YES;
				CLANG_WARN_RANGE_LOOP_ANALYSIS = YES;
				CLANG_WARN_STRICT_PROTOTYPES = YES;
				CLANG_WARN_SUSPICIOUS_MOVE = YES;
				CLANG_WARN_UNGUARDED_AVAILABILITY = YES_AGGRESSIVE;
				CLANG_WARN_UNREACHABLE_CODE = YES;
				CLANG_WARN__DUPLICATE_METHOD_MATCH = YES;
				COPY_PHASE_STRIP = NO;
				DEBUG_INFORMATION_FORMAT = "dwarf-with-dsym";
				ENABLE_NS_ASSERTIONS = NO;
				ENABLE_STRICT_OBJC_MSGSEND = YES;
				GCC_C_LANGUAGE_STANDARD = gnu11;
				GCC_NO_COMMON_BLOCKS = YES;
				GCC_WARN_64_TO_32_BIT_CONVERSION = YES;
				GCC_WARN_ABOUT_RETURN_TYPE = YES_ERROR;
				GCC_WARN_UNDECLARED_SELECTOR = YES;
				GCC_WARN_UNINITIALIZED_AUTOS = YES_AGGRESSIVE;
				GCC_WARN_UNUSED_FUNCTION = YES;
				GCC_WARN_UNUSED_VARIABLE = YES;
				IPHONEOS_DEPLOYMENT_TARGET = 15.4;
				MTL_ENABLE_DEBUG_INFO = NO;
				MTL_FAST_MATH = YES;
				SDKROOT = iphoneos;
				SWIFT_COMPILATION_MODE = wholemodule;
				SWIFT_OPTIMIZATION_LEVEL = "-O";
				VALIDATE_PRODUCT = YES;
			};
			name = Release;
		};
		99BC21D8283E04EE003F58F3 /* Debug */ = {
			isa = XCBuildConfiguration;
			buildSettings = {
				ASSETCATALOG_COMPILER_APPICON_NAME = AppIcon;
				ASSETCATALOG_COMPILER_GLOBAL_ACCENT_COLOR_NAME = AccentColor;
				CODE_SIGN_STYLE = Automatic;
				CURRENT_PROJECT_VERSION = 1;
				GENERATE_INFOPLIST_FILE = YES;
				INFOPLIST_FILE = UserRating/Info.plist;
				INFOPLIST_KEY_UIApplicationSupportsIndirectInputEvents = YES;
				INFOPLIST_KEY_UILaunchStoryboardName = LaunchScreen;
				INFOPLIST_KEY_UIMainStoryboardFile = Main;
				INFOPLIST_KEY_UISupportedInterfaceOrientations_iPad = "UIInterfaceOrientationPortrait UIInterfaceOrientationPortraitUpsideDown UIInterfaceOrientationLandscapeLeft UIInterfaceOrientationLandscapeRight";
				INFOPLIST_KEY_UISupportedInterfaceOrientations_iPhone = "UIInterfaceOrientationPortrait UIInterfaceOrientationLandscapeLeft UIInterfaceOrientationLandscapeRight";
				LD_RUNPATH_SEARCH_PATHS = (
					"$(inherited)",
					"@executable_path/Frameworks",
				);
				MARKETING_VERSION = 1.0;
				PRODUCT_BUNDLE_IDENTIFIER = com.mozzet.test.UserRating;
				PRODUCT_NAME = "$(TARGET_NAME)";
				SWIFT_EMIT_LOC_STRINGS = YES;
				SWIFT_VERSION = 5.0;
				TARGETED_DEVICE_FAMILY = "1,2";
			};
			name = Debug;
		};
		99BC21D9283E04EE003F58F3 /* Release */ = {
			isa = XCBuildConfiguration;
			buildSettings = {
				ASSETCATALOG_COMPILER_APPICON_NAME = AppIcon;
				ASSETCATALOG_COMPILER_GLOBAL_ACCENT_COLOR_NAME = AccentColor;
				CODE_SIGN_STYLE = Automatic;
				CURRENT_PROJECT_VERSION = 1;
				GENERATE_INFOPLIST_FILE = YES;
				INFOPLIST_FILE = UserRating/Info.plist;
				INFOPLIST_KEY_UIApplicationSupportsIndirectInputEvents = YES;
				INFOPLIST_KEY_UILaunchStoryboardName = LaunchScreen;
				INFOPLIST_KEY_UIMainStoryboardFile = Main;
				INFOPLIST_KEY_UISupportedInterfaceOrientations_iPad = "UIInterfaceOrientationPortrait UIInterfaceOrientationPortraitUpsideDown UIInterfaceOrientationLandscapeLeft UIInterfaceOrientationLandscapeRight";
				INFOPLIST_KEY_UISupportedInterfaceOrientations_iPhone = "UIInterfaceOrientationPortrait UIInterfaceOrientationLandscapeLeft UIInterfaceOrientationLandscapeRight";
				LD_RUNPATH_SEARCH_PATHS = (
					"$(inherited)",
					"@executable_path/Frameworks",
				);
				MARKETING_VERSION = 1.0;
				PRODUCT_BUNDLE_IDENTIFIER = com.mozzet.test.UserRating;
				PRODUCT_NAME = "$(TARGET_NAME)";
				SWIFT_EMIT_LOC_STRINGS = YES;
				SWIFT_VERSION = 5.0;
				TARGETED_DEVICE_FAMILY = "1,2";
			};
			name = Release;
		};
/* End XCBuildConfiguration section */

/* Begin XCConfigurationList section */
		99BC21BE283E04ED003F58F3 /* Build configuration list for PBXProject "UserRating" */ = {
			isa = XCConfigurationList;
			buildConfigurations = (
				99BC21D5283E04EE003F58F3 /* Debug */,
				99BC21D6283E04EE003F58F3 /* Release */,
			);
			defaultConfigurationIsVisible = 0;
			defaultConfigurationName = Release;
		};
		99BC21D7283E04EE003F58F3 /* Build configuration list for PBXNativeTarget "UserRating" */ = {
			isa = XCConfigurationList;
			buildConfigurations = (
				99BC21D8283E04EE003F58F3 /* Debug */,
				99BC21D9283E04EE003F58F3 /* Release */,
			);
			defaultConfigurationIsVisible = 0;
			defaultConfigurationName = Release;
		};
/* End XCConfigurationList section */
	};
	rootObject = 99BC21BB283E04ED003F58F3 /* Project object */;
}
